dependencies:
- name: onyxia
  repository: https://inseefrlab.github.io/helm-charts
  version: 1.0.0
- name: minio
  repository: https://kubernetes-charts.storage.googleapis.com
  version: 5.0.25
- name: opa
  repository: file://../opa
  version: 0.1.0
digest: sha256:505230fb6c8b5cc96f4cb0daf1a865bd81a9fc79f85c69b981ef23ddd6f5d19b
generated: "2020-05-12T14:20:19.927120425+02:00"
