dependencies:
- name: onyxia
  repository: https://inseefrlab.github.io/helm-charts
  version: 1.0.0
- name: minio
  repository: https://kubernetes-charts.storage.googleapis.com
  version: 5.0.25
digest: sha256:4767c3736be7062a2aeaeb00d712a68104e0c2214068577e12e4c9b0ede76250
generated: "2020-05-12T11:12:21.502156241+02:00"
